
Microsoft Visual Studio Solution File, Format Version 12.00
# Visual Studio Version 16
VisualStudioVersion = 16.0.32228.343
MinimumVisualStudioVersion = 10.0.40219.1
Project("{FAE04EC0-301F-11D3-BF4B-00C04F79EFBC}") = "hw6", "hw6\hw6.csproj", "{470AC2AE-94C3-47BD-848A-FEFC8C8511E4}"
EndProject
Global
	GlobalSection(SolutionConfigurationPlatforms) = preSolution
		Debug|Any CPU = Debug|Any CPU
		Release|Any CPU = Release|Any CPU
	EndGlobalSection
	GlobalSection(ProjectConfigurationPlatforms) = postSolution
		{470AC2AE-94C3-47BD-848A-FEFC8C8511E4}.Debug|Any CPU.ActiveCfg = Debug|Any CPU
		{470AC2AE-94C3-47BD-848A-FEFC8C8511E4}.Debug|Any CPU.Build.0 = Debug|Any CPU
		{470AC2AE-94C3-47BD-848A-FEFC8C8511E4}.Release|Any CPU.ActiveCfg = Release|Any CPU
		{470AC2AE-94C3-47BD-848A-FEFC8C8511E4}.Release|Any CPU.Build.0 = Release|Any CPU
	EndGlobalSection
	GlobalSection(SolutionProperties) = preSolution
		HideSolutionNode = FALSE
	EndGlobalSection
	GlobalSection(ExtensibilityGlobals) = postSolution
		SolutionGuid = {A1B9B7D5-2A5C-4A8A-AEF1-41F5320AD71B}
	EndGlobalSection
EndGlobal
