
Microsoft Visual Studio Solution File, Format Version 12.00
# Visual Studio Version 16
VisualStudioVersion = 16.0.32228.343
MinimumVisualStudioVersion = 10.0.40219.1
Project("{FAE04EC0-301F-11D3-BF4B-00C04F79EFBC}") = "hw4", "hw4\hw4.csproj", "{806A85CB-8FAE-4CB5-98EB-9641E35EE652}"
EndProject
Global
	GlobalSection(SolutionConfigurationPlatforms) = preSolution
		Debug|Any CPU = Debug|Any CPU
		Release|Any CPU = Release|Any CPU
	EndGlobalSection
	GlobalSection(ProjectConfigurationPlatforms) = postSolution
		{806A85CB-8FAE-4CB5-98EB-9641E35EE652}.Debug|Any CPU.ActiveCfg = Debug|Any CPU
		{806A85CB-8FAE-4CB5-98EB-9641E35EE652}.Debug|Any CPU.Build.0 = Debug|Any CPU
		{806A85CB-8FAE-4CB5-98EB-9641E35EE652}.Release|Any CPU.ActiveCfg = Release|Any CPU
		{806A85CB-8FAE-4CB5-98EB-9641E35EE652}.Release|Any CPU.Build.0 = Release|Any CPU
	EndGlobalSection
	GlobalSection(SolutionProperties) = preSolution
		HideSolutionNode = FALSE
	EndGlobalSection
	GlobalSection(ExtensibilityGlobals) = postSolution
		SolutionGuid = {171EBB9A-F539-4778-8660-E09ED35A730F}
	EndGlobalSection
EndGlobal
