
Microsoft Visual Studio Solution File, Format Version 12.00
# Visual Studio Version 16
VisualStudioVersion = 16.0.32228.343
MinimumVisualStudioVersion = 10.0.40219.1
Project("{9A19103F-16F7-4668-BE54-9A1E7A4F7556}") = "nbaDemo.Web", "nbaDemo\nbaDemo.Web.csproj", "{09606654-5527-4088-9E34-828631B5E7A8}"
EndProject
Project("{9A19103F-16F7-4668-BE54-9A1E7A4F7556}") = "nbaDemo.Business", "nbaDemo.Business\nbaDemo.Business.csproj", "{4C61CF05-28A8-49C2-A4BF-8DDEA6783760}"
EndProject
Project("{9A19103F-16F7-4668-BE54-9A1E7A4F7556}") = "nbaDemo.DataAccess", "nbaDemo.DataAccess\nbaDemo.DataAccess.csproj", "{0BFC9018-BDC5-4AF5-B7A4-665C6B800FB9}"
EndProject
Project("{9A19103F-16F7-4668-BE54-9A1E7A4F7556}") = "nbaDemo.DTOs", "nbaDemo.DTOs\nbaDemo.DTOs.csproj", "{6DF91749-047F-49DA-9142-03C5151BEF32}"
EndProject
Project("{9A19103F-16F7-4668-BE54-9A1E7A4F7556}") = "nbaDemo.Entities", "nbaDemo.Entities\nbaDemo.Entities.csproj", "{648C8393-B5A0-4685-86C2-C4B2A7F88015}"
EndProject
Project("{FAE04EC0-301F-11D3-BF4B-00C04F79EFBC}") = "nbaDemo.API", "nbaDemo.API\nbaDemo.API.csproj", "{689EE5B5-C3D3-4A90-B234-35EEF02D4B0E}"
EndProject
Global
	GlobalSection(SolutionConfigurationPlatforms) = preSolution
		Debug|Any CPU = Debug|Any CPU
		Release|Any CPU = Release|Any CPU
	EndGlobalSection
	GlobalSection(ProjectConfigurationPlatforms) = postSolution
		{09606654-5527-4088-9E34-828631B5E7A8}.Debug|Any CPU.ActiveCfg = Debug|Any CPU
		{09606654-5527-4088-9E34-828631B5E7A8}.Debug|Any CPU.Build.0 = Debug|Any CPU
		{09606654-5527-4088-9E34-828631B5E7A8}.Release|Any CPU.ActiveCfg = Release|Any CPU
		{09606654-5527-4088-9E34-828631B5E7A8}.Release|Any CPU.Build.0 = Release|Any CPU
		{4C61CF05-28A8-49C2-A4BF-8DDEA6783760}.Debug|Any CPU.ActiveCfg = Debug|Any CPU
		{4C61CF05-28A8-49C2-A4BF-8DDEA6783760}.Debug|Any CPU.Build.0 = Debug|Any CPU
		{4C61CF05-28A8-49C2-A4BF-8DDEA6783760}.Release|Any CPU.ActiveCfg = Release|Any CPU
		{4C61CF05-28A8-49C2-A4BF-8DDEA6783760}.Release|Any CPU.Build.0 = Release|Any CPU
		{0BFC9018-BDC5-4AF5-B7A4-665C6B800FB9}.Debug|Any CPU.ActiveCfg = Debug|Any CPU
		{0BFC9018-BDC5-4AF5-B7A4-665C6B800FB9}.Debug|Any CPU.Build.0 = Debug|Any CPU
		{0BFC9018-BDC5-4AF5-B7A4-665C6B800FB9}.Release|Any CPU.ActiveCfg = Release|Any CPU
		{0BFC9018-BDC5-4AF5-B7A4-665C6B800FB9}.Release|Any CPU.Build.0 = Release|Any CPU
		{6DF91749-047F-49DA-9142-03C5151BEF32}.Debug|Any CPU.ActiveCfg = Debug|Any CPU
		{6DF91749-047F-49DA-9142-03C5151BEF32}.Debug|Any CPU.Build.0 = Debug|Any CPU
		{6DF91749-047F-49DA-9142-03C5151BEF32}.Release|Any CPU.ActiveCfg = Release|Any CPU
		{6DF91749-047F-49DA-9142-03C5151BEF32}.Release|Any CPU.Build.0 = Release|Any CPU
		{648C8393-B5A0-4685-86C2-C4B2A7F88015}.Debug|Any CPU.ActiveCfg = Debug|Any CPU
		{648C8393-B5A0-4685-86C2-C4B2A7F88015}.Debug|Any CPU.Build.0 = Debug|Any CPU
		{648C8393-B5A0-4685-86C2-C4B2A7F88015}.Release|Any CPU.ActiveCfg = Release|Any CPU
		{648C8393-B5A0-4685-86C2-C4B2A7F88015}.Release|Any CPU.Build.0 = Release|Any CPU
		{689EE5B5-C3D3-4A90-B234-35EEF02D4B0E}.Debug|Any CPU.ActiveCfg = Debug|Any CPU
		{689EE5B5-C3D3-4A90-B234-35EEF02D4B0E}.Debug|Any CPU.Build.0 = Debug|Any CPU
		{689EE5B5-C3D3-4A90-B234-35EEF02D4B0E}.Release|Any CPU.ActiveCfg = Release|Any CPU
		{689EE5B5-C3D3-4A90-B234-35EEF02D4B0E}.Release|Any CPU.Build.0 = Release|Any CPU
	EndGlobalSection
	GlobalSection(SolutionProperties) = preSolution
		HideSolutionNode = FALSE
	EndGlobalSection
	GlobalSection(ExtensibilityGlobals) = postSolution
		SolutionGuid = {7F825368-6775-42F3-B325-92262495778C}
	EndGlobalSection
EndGlobal
